// !$*UTF8*$!
{
	archiveVersion = 1;
	classes = {
	};
	objectVersion = 55;
	objects = {

/* Begin PBXBuildFile section */
		33A3FD32285BD02000DCFCFF /* AppDelegate.swift in Sources */ = {isa = PBXBuildFile; fileRef = 33A3FD31285BD02000DCFCFF /* AppDelegate.swift */; };
		33A3FD34285BD02000DCFCFF /* SceneDelegate.swift in Sources */ = {isa = PBXBuildFile; fileRef = 33A3FD33285BD02000DCFCFF /* SceneDelegate.swift */; };
		33A3FD39285BD02000DCFCFF /* Main.storyboard in Resources */ = {isa = PBXBuildFile; fileRef = 33A3FD37285BD02000DCFCFF /* Main.storyboard */; };
		33A3FD3B285BD02200DCFCFF /* Assets.xcassets in Resources */ = {isa = PBXBuildFile; fileRef = 33A3FD3A285BD02200DCFCFF /* Assets.xcassets */; };
		33A3FD3E285BD02200DCFCFF /* LaunchScreen.storyboard in Resources */ = {isa = PBXBuildFile; fileRef = 33A3FD3C285BD02200DCFCFF /* LaunchScreen.storyboard */; };
		33A3FD47285BD0B700DCFCFF /* FlashCard.swift in Sources */ = {isa = PBXBuildFile; fileRef = 33A3FD46285BD0B700DCFCFF /* FlashCard.swift */; };
		33A3FD4B285BD11000DCFCFF /* FlashCardController.swift in Sources */ = {isa = PBXBuildFile; fileRef = 33A3FD4A285BD11000DCFCFF /* FlashCardController.swift */; };
		33A3FD51285BE0C100DCFCFF /* FlashCardTableViewController.swift in Sources */ = {isa = PBXBuildFile; fileRef = 33A3FD50285BE0C100DCFCFF /* FlashCardTableViewController.swift */; };
		33A3FD84285C316D00DCFCFF /* FlashCardCollectionViewCell.swift in Sources */ = {isa = PBXBuildFile; fileRef = 33A3FD83285C316D00DCFCFF /* FlashCardCollectionViewCell.swift */; };
		33A3FD86285C338900DCFCFF /* FlashCardCollectionViewController.swift in Sources */ = {isa = PBXBuildFile; fileRef = 33A3FD85285C338900DCFCFF /* FlashCardCollectionViewController.swift */; };
		33A3FD88285C4B0B00DCFCFF /* ViewController.swift in Sources */ = {isa = PBXBuildFile; fileRef = 33A3FD87285C4B0B00DCFCFF /* ViewController.swift */; };
/* End PBXBuildFile section */

/* Begin PBXFileReference section */
		33A3FD2E285BD02000DCFCFF /* FlashCardCreator.app */ = {isa = PBXFileReference; explicitFileType = wrapper.application; includeInIndex = 0; path = FlashCardCreator.app; sourceTree = BUILT_PRODUCTS_DIR; };
		33A3FD31285BD02000DCFCFF /* AppDelegate.swift */ = {isa = PBXFileReference; lastKnownFileType = sourcecode.swift; path = AppDelegate.swift; sourceTree = "<group>"; };
		33A3FD33285BD02000DCFCFF /* SceneDelegate.swift */ = {isa = PBXFileReference; lastKnownFileType = sourcecode.swift; path = SceneDelegate.swift; sourceTree = "<group>"; };
		33A3FD38285BD02000DCFCFF /* Base */ = {isa = PBXFileReference; lastKnownFileType = file.storyboard; name = Base; path = Base.lproj/Main.storyboard; sourceTree = "<group>"; };
		33A3FD3A285BD02200DCFCFF /* Assets.xcassets */ = {isa = PBXFileReference; lastKnownFileType = folder.assetcatalog; path = Assets.xcassets; sourceTree = "<group>"; };
		33A3FD3D285BD02200DCFCFF /* Base */ = {isa = PBXFileReference; lastKnownFileType = file.storyboard; name = Base; path = Base.lproj/LaunchScreen.storyboard; sourceTree = "<group>"; };
		33A3FD3F285BD02200DCFCFF /* Info.plist */ = {isa = PBXFileReference; lastKnownFileType = text.plist.xml; path = Info.plist; sourceTree = "<group>"; };
		33A3FD46285BD0B700DCFCFF /* FlashCard.swift */ = {isa = PBXFileReference; lastKnownFileType = sourcecode.swift; path = FlashCard.swift; sourceTree = "<group>"; };
		33A3FD4A285BD11000DCFCFF /* FlashCardController.swift */ = {isa = PBXFileReference; lastKnownFileType = sourcecode.swift; path = FlashCardController.swift; sourceTree = "<group>"; };
		33A3FD50285BE0C100DCFCFF /* FlashCardTableViewController.swift */ = {isa = PBXFileReference; lastKnownFileType = sourcecode.swift; path = FlashCardTableViewController.swift; sourceTree = "<group>"; };
		33A3FD83285C316D00DCFCFF /* FlashCardCollectionViewCell.swift */ = {isa = PBXFileReference; lastKnownFileType = sourcecode.swift; path = FlashCardCollectionViewCell.swift; sourceTree = "<group>"; };
		33A3FD85285C338900DCFCFF /* FlashCardCollectionViewController.swift */ = {isa = PBXFileReference; lastKnownFileType = sourcecode.swift; path = FlashCardCollectionViewController.swift; sourceTree = "<group>"; };
		33A3FD87285C4B0B00DCFCFF /* ViewController.swift */ = {isa = PBXFileReference; lastKnownFileType = sourcecode.swift; path = ViewController.swift; sourceTree = "<group>"; };
/* End PBXFileReference section */

/* Begin PBXFrameworksBuildPhase section */
		33A3FD2B285BD02000DCFCFF /* Frameworks */ = {
			isa = PBXFrameworksBuildPhase;
			buildActionMask = 2147483647;
			files = (
			);
			runOnlyForDeploymentPostprocessing = 0;
		};
/* End PBXFrameworksBuildPhase section */

/* Begin PBXGroup section */
		33A3FD25285BD02000DCFCFF = {
			isa = PBXGroup;
			children = (
				33A3FD30285BD02000DCFCFF /* FlashCardCreator */,
				33A3FD2F285BD02000DCFCFF /* Products */,
			);
			sourceTree = "<group>";
		};
		33A3FD2F285BD02000DCFCFF /* Products */ = {
			isa = PBXGroup;
			children = (
				33A3FD2E285BD02000DCFCFF /* FlashCardCreator.app */,
			);
			name = Products;
			sourceTree = "<group>";
		};
		33A3FD30285BD02000DCFCFF /* FlashCardCreator */ = {
			isa = PBXGroup;
			children = (
				33A3FD45285BD07800DCFCFF /* Model */,
				33A3FD4C285BD2B600DCFCFF /* Controllers */,
				33A3FD4E285BD30300DCFCFF /* Views */,
				33A3FD48285BD0C200DCFCFF /* Resources */,
			);
			path = FlashCardCreator;
			sourceTree = "<group>";
		};
		33A3FD45285BD07800DCFCFF /* Model */ = {
			isa = PBXGroup;
			children = (
				33A3FD46285BD0B700DCFCFF /* FlashCard.swift */,
			);
			path = Model;
			sourceTree = "<group>";
		};
		33A3FD48285BD0C200DCFCFF /* Resources */ = {
			isa = PBXGroup;
			children = (
				33A3FD33285BD02000DCFCFF /* SceneDelegate.swift */,
				33A3FD31285BD02000DCFCFF /* AppDelegate.swift */,
				33A3FD3A285BD02200DCFCFF /* Assets.xcassets */,
				33A3FD3F285BD02200DCFCFF /* Info.plist */,
			);
			path = Resources;
			sourceTree = "<group>";
		};
		33A3FD49285BD0F800DCFCFF /* Model Controller */ = {
			isa = PBXGroup;
			children = (
				33A3FD4A285BD11000DCFCFF /* FlashCardController.swift */,
			);
			path = "Model Controller";
			sourceTree = "<group>";
		};
		33A3FD4C285BD2B600DCFCFF /* Controllers */ = {
			isa = PBXGroup;
			children = (
				33A3FD49285BD0F800DCFCFF /* Model Controller */,
				33A3FD4D285BD2C500DCFCFF /* View Controller */,
			);
			path = Controllers;
			sourceTree = "<group>";
		};
		33A3FD4D285BD2C500DCFCFF /* View Controller */ = {
			isa = PBXGroup;
			children = (
				33A3FD50285BE0C100DCFCFF /* FlashCardTableViewController.swift */,
				33A3FD85285C338900DCFCFF /* FlashCardCollectionViewController.swift */,
				33A3FD87285C4B0B00DCFCFF /* ViewController.swift */,
			);
			path = "View Controller";
			sourceTree = "<group>";
		};
		33A3FD4E285BD30300DCFCFF /* Views */ = {
			isa = PBXGroup;
			children = (
				33A3FD82285C311C00DCFCFF /* Custom Views */,
				33A3FD4F285BD32100DCFCFF /* Storyboards */,
			);
			path = Views;
			sourceTree = "<group>";
		};
		33A3FD4F285BD32100DCFCFF /* Storyboards */ = {
			isa = PBXGroup;
			children = (
				33A3FD37285BD02000DCFCFF /* Main.storyboard */,
				33A3FD3C285BD02200DCFCFF /* LaunchScreen.storyboard */,
			);
			path = Storyboards;
			sourceTree = "<group>";
		};
		33A3FD82285C311C00DCFCFF /* Custom Views */ = {
			isa = PBXGroup;
			children = (
				33A3FD83285C316D00DCFCFF /* FlashCardCollectionViewCell.swift */,
			);
			path = "Custom Views";
			sourceTree = "<group>";
		};
/* End PBXGroup section */

/* Begin PBXNativeTarget section */
		33A3FD2D285BD02000DCFCFF /* FlashCardCreator */ = {
			isa = PBXNativeTarget;
			buildConfigurationList = 33A3FD42285BD02200DCFCFF /* Build configuration list for PBXNativeTarget "FlashCardCreator" */;
			buildPhases = (
				33A3FD2A285BD02000DCFCFF /* Sources */,
				33A3FD2B285BD02000DCFCFF /* Frameworks */,
				33A3FD2C285BD02000DCFCFF /* Resources */,
			);
			buildRules = (
			);
			dependencies = (
			);
			name = FlashCardCreator;
			productName = FlashCardCreator;
			productReference = 33A3FD2E285BD02000DCFCFF /* FlashCardCreator.app */;
			productType = "com.apple.product-type.application";
		};
/* End PBXNativeTarget section */

/* Begin PBXProject section */
		33A3FD26285BD02000DCFCFF /* Project object */ = {
			isa = PBXProject;
			attributes = {
				BuildIndependentTargetsInParallel = 1;
				LastSwiftUpdateCheck = 1340;
				LastUpgradeCheck = 1340;
				TargetAttributes = {
					33A3FD2D285BD02000DCFCFF = {
						CreatedOnToolsVersion = 13.4;
					};
				};
			};
			buildConfigurationList = 33A3FD29285BD02000DCFCFF /* Build configuration list for PBXProject "FlashCardCreator" */;
			compatibilityVersion = "Xcode 13.0";
			developmentRegion = en;
			hasScannedForEncodings = 0;
			knownRegions = (
				en,
				Base,
			);
			mainGroup = 33A3FD25285BD02000DCFCFF;
			productRefGroup = 33A3FD2F285BD02000DCFCFF /* Products */;
			projectDirPath = "";
			projectRoot = "";
			targets = (
				33A3FD2D285BD02000DCFCFF /* FlashCardCreator */,
			);
		};
/* End PBXProject section */

/* Begin PBXResourcesBuildPhase section */
		33A3FD2C285BD02000DCFCFF /* Resources */ = {
			isa = PBXResourcesBuildPhase;
			buildActionMask = 2147483647;
			files = (
				33A3FD3E285BD02200DCFCFF /* LaunchScreen.storyboard in Resources */,
				33A3FD3B285BD02200DCFCFF /* Assets.xcassets in Resources */,
				33A3FD39285BD02000DCFCFF /* Main.storyboard in Resources */,
			);
			runOnlyForDeploymentPostprocessing = 0;
		};
/* End PBXResourcesBuildPhase section */

/* Begin PBXSourcesBuildPhase section */
		33A3FD2A285BD02000DCFCFF /* Sources */ = {
			isa = PBXSourcesBuildPhase;
			buildActionMask = 2147483647;
			files = (
				33A3FD32285BD02000DCFCFF /* AppDelegate.swift in Sources */,
				33A3FD47285BD0B700DCFCFF /* FlashCard.swift in Sources */,
				33A3FD4B285BD11000DCFCFF /* FlashCardController.swift in Sources */,
				33A3FD51285BE0C100DCFCFF /* FlashCardTableViewController.swift in Sources */,
				33A3FD34285BD02000DCFCFF /* SceneDelegate.swift in Sources */,
				33A3FD86285C338900DCFCFF /* FlashCardCollectionViewController.swift in Sources */,
				33A3FD88285C4B0B00DCFCFF /* ViewController.swift in Sources */,
				33A3FD84285C316D00DCFCFF /* FlashCardCollectionViewCell.swift in Sources */,
			);
			runOnlyForDeploymentPostprocessing = 0;
		};
/* End PBXSourcesBuildPhase section */

/* Begin PBXVariantGroup section */
		33A3FD37285BD02000DCFCFF /* Main.storyboard */ = {
			isa = PBXVariantGroup;
			children = (
				33A3FD38285BD02000DCFCFF /* Base */,
			);
			name = Main.storyboard;
			sourceTree = "<group>";
		};
		33A3FD3C285BD02200DCFCFF /* LaunchScreen.storyboard */ = {
			isa = PBXVariantGroup;
			children = (
				33A3FD3D285BD02200DCFCFF /* Base */,
			);
			name = LaunchScreen.storyboard;
			sourceTree = "<group>";
		};
/* End PBXVariantGroup section */

/* Begin XCBuildConfiguration section */
		33A3FD40285BD02200DCFCFF /* Debug */ = {
			isa = XCBuildConfiguration;
			buildSettings = {
				ALWAYS_SEARCH_USER_PATHS = NO;
				CLANG_ANALYZER_NONNULL = YES;
				CLANG_ANALYZER_NUMBER_OBJECT_CONVERSION = YES_AGGRESSIVE;
				CLANG_CXX_LANGUAGE_STANDARD = "gnu++17";
				CLANG_ENABLE_MODULES = YES;
				CLANG_ENABLE_OBJC_ARC = YES;
				CLANG_ENABLE_OBJC_WEAK = YES;
				CLANG_WARN_BLOCK_CAPTURE_AUTORELEASING = YES;
				CLANG_WARN_BOOL_CONVERSION = YES;
				CLANG_WARN_COMMA = YES;
				CLANG_WARN_CONSTANT_CONVERSION = YES;
				CLANG_WARN_DEPRECATED_OBJC_IMPLEMENTATIONS = YES;
				CLANG_WARN_DIRECT_OBJC_ISA_USAGE = YES_ERROR;
				CLANG_WARN_DOCUMENTATION_COMMENTS = YES;
				CLANG_WARN_EMPTY_BODY = YES;
				CLANG_WARN_ENUM_CONVERSION = YES;
				CLANG_WARN_INFINITE_RECURSION = YES;
				CLANG_WARN_INT_CONVERSION = YES;
				CLANG_WARN_NON_LITERAL_NULL_CONVERSION = YES;
				CLANG_WARN_OBJC_IMPLICIT_RETAIN_SELF = YES;
				CLANG_WARN_OBJC_LITERAL_CONVERSION = YES;
				CLANG_WARN_OBJC_ROOT_CLASS = YES_ERROR;
				CLANG_WARN_QUOTED_INCLUDE_IN_FRAMEWORK_HEADER = YES;
				CLANG_WARN_RANGE_LOOP_ANALYSIS = YES;
				CLANG_WARN_STRICT_PROTOTYPES = YES;
				CLANG_WARN_SUSPICIOUS_MOVE = YES;
				CLANG_WARN_UNGUARDED_AVAILABILITY = YES_AGGRESSIVE;
				CLANG_WARN_UNREACHABLE_CODE = YES;
				CLANG_WARN__DUPLICATE_METHOD_MATCH = YES;
				COPY_PHASE_STRIP = NO;
				DEBUG_INFORMATION_FORMAT = dwarf;
				ENABLE_STRICT_OBJC_MSGSEND = YES;
				ENABLE_TESTABILITY = YES;
				GCC_C_LANGUAGE_STANDARD = gnu11;
				GCC_DYNAMIC_NO_PIC = NO;
				GCC_NO_COMMON_BLOCKS = YES;
				GCC_OPTIMIZATION_LEVEL = 0;
				GCC_PREPROCESSOR_DEFINITIONS = (
					"DEBUG=1",
					"$(inherited)",
				);
				GCC_WARN_64_TO_32_BIT_CONVERSION = YES;
				GCC_WARN_ABOUT_RETURN_TYPE = YES_ERROR;
				GCC_WARN_UNDECLARED_SELECTOR = YES;
				GCC_WARN_UNINITIALIZED_AUTOS = YES_AGGRESSIVE;
				GCC_WARN_UNUSED_FUNCTION = YES;
				GCC_WARN_UNUSED_VARIABLE = YES;
				IPHONEOS_DEPLOYMENT_TARGET = 15.5;
				MTL_ENABLE_DEBUG_INFO = INCLUDE_SOURCE;
				MTL_FAST_MATH = YES;
				ONLY_ACTIVE_ARCH = YES;
				SDKROOT = iphoneos;
				SWIFT_ACTIVE_COMPILATION_CONDITIONS = DEBUG;
				SWIFT_OPTIMIZATION_LEVEL = "-Onone";
			};
			name = Debug;
		};
		33A3FD41285BD02200DCFCFF /* Release */ = {
			isa = XCBuildConfiguration;
			buildSettings = {
				ALWAYS_SEARCH_USER_PATHS = NO;
				CLANG_ANALYZER_NONNULL = YES;
				CLANG_ANALYZER_NUMBER_OBJECT_CONVERSION = YES_AGGRESSIVE;
				CLANG_CXX_LANGUAGE_STANDARD = "gnu++17";
				CLANG_ENABLE_MODULES = YES;
				CLANG_ENABLE_OBJC_ARC = YES;
				CLANG_ENABLE_OBJC_WEAK = YES;
				CLANG_WARN_BLOCK_CAPTURE_AUTORELEASING = YES;
				CLANG_WARN_BOOL_CONVERSION = YES;
				CLANG_WARN_COMMA = YES;
				CLANG_WARN_CONSTANT_CONVERSION = YES;
				CLANG_WARN_DEPRECATED_OBJC_IMPLEMENTATIONS = YES;
				CLANG_WARN_DIRECT_OBJC_ISA_USAGE = YES_ERROR;
				CLANG_WARN_DOCUMENTATION_COMMENTS = YES;
				CLANG_WARN_EMPTY_BODY = YES;
				CLANG_WARN_ENUM_CONVERSION = YES;
				CLANG_WARN_INFINITE_RECURSION = YES;
				CLANG_WARN_INT_CONVERSION = YES;
				CLANG_WARN_NON_LITERAL_NULL_CONVERSION = YES;
				CLANG_WARN_OBJC_IMPLICIT_RETAIN_SELF = YES;
				CLANG_WARN_OBJC_LITERAL_CONVERSION = YES;
				CLANG_WARN_OBJC_ROOT_CLASS = YES_ERROR;
				CLANG_WARN_QUOTED_INCLUDE_IN_FRAMEWORK_HEADER = YES;
				CLANG_WARN_RANGE_LOOP_ANALYSIS = YES;
				CLANG_WARN_STRICT_PROTOTYPES = YES;
				CLANG_WARN_SUSPICIOUS_MOVE = YES;
				CLANG_WARN_UNGUARDED_AVAILABILITY = YES_AGGRESSIVE;
				CLANG_WARN_UNREACHABLE_CODE = YES;
				CLANG_WARN__DUPLICATE_METHOD_MATCH = YES;
				COPY_PHASE_STRIP = NO;
				DEBUG_INFORMATION_FORMAT = "dwarf-with-dsym";
				ENABLE_NS_ASSERTIONS = NO;
				ENABLE_STRICT_OBJC_MSGSEND = YES;
				GCC_C_LANGUAGE_STANDARD = gnu11;
				GCC_NO_COMMON_BLOCKS = YES;
				GCC_WARN_64_TO_32_BIT_CONVERSION = YES;
				GCC_WARN_ABOUT_RETURN_TYPE = YES_ERROR;
				GCC_WARN_UNDECLARED_SELECTOR = YES;
				GCC_WARN_UNINITIALIZED_AUTOS = YES_AGGRESSIVE;
				GCC_WARN_UNUSED_FUNCTION = YES;
				GCC_WARN_UNUSED_VARIABLE = YES;
				IPHONEOS_DEPLOYMENT_TARGET = 15.5;
				MTL_ENABLE_DEBUG_INFO = NO;
				MTL_FAST_MATH = YES;
				SDKROOT = iphoneos;
				SWIFT_COMPILATION_MODE = wholemodule;
				SWIFT_OPTIMIZATION_LEVEL = "-O";
				VALIDATE_PRODUCT = YES;
			};
			name = Release;
		};
		33A3FD43285BD02200DCFCFF /* Debug */ = {
			isa = XCBuildConfiguration;
			buildSettings = {
				ASSETCATALOG_COMPILER_APPICON_NAME = AppIcon;
				ASSETCATALOG_COMPILER_GLOBAL_ACCENT_COLOR_NAME = AccentColor;
				CODE_SIGN_STYLE = Automatic;
				CURRENT_PROJECT_VERSION = 1;
				DEVELOPMENT_TEAM = FRD38AYZF6;
				GENERATE_INFOPLIST_FILE = YES;
				INFOPLIST_FILE = FlashCardCreator/Resources/Info.plist;
				INFOPLIST_KEY_UIApplicationSupportsIndirectInputEvents = YES;
				INFOPLIST_KEY_UILaunchStoryboardName = LaunchScreen;
				INFOPLIST_KEY_UIMainStoryboardFile = Main;
				INFOPLIST_KEY_UISupportedInterfaceOrientations_iPad = "UIInterfaceOrientationPortrait UIInterfaceOrientationPortraitUpsideDown UIInterfaceOrientationLandscapeLeft UIInterfaceOrientationLandscapeRight";
				INFOPLIST_KEY_UISupportedInterfaceOrientations_iPhone = "UIInterfaceOrientationPortrait UIInterfaceOrientationLandscapeLeft UIInterfaceOrientationLandscapeRight";
				LD_RUNPATH_SEARCH_PATHS = (
					"$(inherited)",
					"@executable_path/Frameworks",
				);
				MARKETING_VERSION = 1.0;
				PRODUCT_BUNDLE_IDENTIFIER = "Yuliya-Grygoryeva.FlashCardCreator";
				PRODUCT_NAME = "$(TARGET_NAME)";
				SWIFT_EMIT_LOC_STRINGS = YES;
				SWIFT_VERSION = 5.0;
				TARGETED_DEVICE_FAMILY = "1,2";
			};
			name = Debug;
		};
		33A3FD44285BD02200DCFCFF /* Release */ = {
			isa = XCBuildConfiguration;
			buildSettings = {
				ASSETCATALOG_COMPILER_APPICON_NAME = AppIcon;
				ASSETCATALOG_COMPILER_GLOBAL_ACCENT_COLOR_NAME = AccentColor;
				CODE_SIGN_STYLE = Automatic;
				CURRENT_PROJECT_VERSION = 1;
				DEVELOPMENT_TEAM = FRD38AYZF6;
				GENERATE_INFOPLIST_FILE = YES;
				INFOPLIST_FILE = FlashCardCreator/Resources/Info.plist;
				INFOPLIST_KEY_UIApplicationSupportsIndirectInputEvents = YES;
				INFOPLIST_KEY_UILaunchStoryboardName = LaunchScreen;
				INFOPLIST_KEY_UIMainStoryboardFile = Main;
				INFOPLIST_KEY_UISupportedInterfaceOrientations_iPad = "UIInterfaceOrientationPortrait UIInterfaceOrientationPortraitUpsideDown UIInterfaceOrientationLandscapeLeft UIInterfaceOrientationLandscapeRight";
				INFOPLIST_KEY_UISupportedInterfaceOrientations_iPhone = "UIInterfaceOrientationPortrait UIInterfaceOrientationLandscapeLeft UIInterfaceOrientationLandscapeRight";
				LD_RUNPATH_SEARCH_PATHS = (
					"$(inherited)",
					"@executable_path/Frameworks",
				);
				MARKETING_VERSION = 1.0;
				PRODUCT_BUNDLE_IDENTIFIER = "Yuliya-Grygoryeva.FlashCardCreator";
				PRODUCT_NAME = "$(TARGET_NAME)";
				SWIFT_EMIT_LOC_STRINGS = YES;
				SWIFT_VERSION = 5.0;
				TARGETED_DEVICE_FAMILY = "1,2";
			};
			name = Release;
		};
/* End XCBuildConfiguration section */

/* Begin XCConfigurationList section */
		33A3FD29285BD02000DCFCFF /* Build configuration list for PBXProject "FlashCardCreator" */ = {
			isa = XCConfigurationList;
			buildConfigurations = (
				33A3FD40285BD02200DCFCFF /* Debug */,
				33A3FD41285BD02200DCFCFF /* Release */,
			);
			defaultConfigurationIsVisible = 0;
			defaultConfigurationName = Release;
		};
		33A3FD42285BD02200DCFCFF /* Build configuration list for PBXNativeTarget "FlashCardCreator" */ = {
			isa = XCConfigurationList;
			buildConfigurations = (
				33A3FD43285BD02200DCFCFF /* Debug */,
				33A3FD44285BD02200DCFCFF /* Release */,
			);
			defaultConfigurationIsVisible = 0;
			defaultConfigurationName = Release;
		};
/* End XCConfigurationList section */
	};
	rootObject = 33A3FD26285BD02000DCFCFF /* Project object */;
}
